
Microsoft Visual Studio Solution File, Format Version 12.00
# Visual Studio 15
VisualStudioVersion = 15.0.26430.14
MinimumVisualStudioVersion = 10.0.40219.1
Project("{FAE04EC0-301F-11D3-BF4B-00C04F79EFBC}") = "DI101", "DI101\DI101.csproj", "{6ABF5B33-4ACD-4DA2-840D-DDC149A1005D}"
EndProject
Project("{FAE04EC0-301F-11D3-BF4B-00C04F79EFBC}") = "DI102", "DI102\DI102.csproj", "{8ACC83BB-4412-4A78-978F-F0FD1A2A0FFB}"
EndProject
Project("{FAE04EC0-301F-11D3-BF4B-00C04F79EFBC}") = "DI103", "DI103\DI103.csproj", "{3519F3FC-7B7A-4F65-BD7B-96BE94DD25ED}"
EndProject
Project("{FAE04EC0-301F-11D3-BF4B-00C04F79EFBC}") = "DI104", "DI104\DI104.csproj", "{74B2635B-22BF-406A-9EE0-EAF854A87A69}"
EndProject
Project("{2150E333-8FDC-42A3-9474-1A3956D46DE8}") = "DependencyInjection", "DependencyInjection", "{37FEF79F-C4FA-407B-9367-9ED302C0CF56}"
EndProject
Global
	GlobalSection(SolutionConfigurationPlatforms) = preSolution
		Debug|Any CPU = Debug|Any CPU
		Release|Any CPU = Release|Any CPU
	EndGlobalSection
	GlobalSection(ProjectConfigurationPlatforms) = postSolution
		{6ABF5B33-4ACD-4DA2-840D-DDC149A1005D}.Debug|Any CPU.ActiveCfg = Debug|Any CPU
		{6ABF5B33-4ACD-4DA2-840D-DDC149A1005D}.Debug|Any CPU.Build.0 = Debug|Any CPU
		{6ABF5B33-4ACD-4DA2-840D-DDC149A1005D}.Release|Any CPU.ActiveCfg = Release|Any CPU
		{6ABF5B33-4ACD-4DA2-840D-DDC149A1005D}.Release|Any CPU.Build.0 = Release|Any CPU
		{8ACC83BB-4412-4A78-978F-F0FD1A2A0FFB}.Debug|Any CPU.ActiveCfg = Debug|Any CPU
		{8ACC83BB-4412-4A78-978F-F0FD1A2A0FFB}.Debug|Any CPU.Build.0 = Debug|Any CPU
		{8ACC83BB-4412-4A78-978F-F0FD1A2A0FFB}.Release|Any CPU.ActiveCfg = Release|Any CPU
		{8ACC83BB-4412-4A78-978F-F0FD1A2A0FFB}.Release|Any CPU.Build.0 = Release|Any CPU
		{3519F3FC-7B7A-4F65-BD7B-96BE94DD25ED}.Debug|Any CPU.ActiveCfg = Debug|Any CPU
		{3519F3FC-7B7A-4F65-BD7B-96BE94DD25ED}.Debug|Any CPU.Build.0 = Debug|Any CPU
		{3519F3FC-7B7A-4F65-BD7B-96BE94DD25ED}.Release|Any CPU.ActiveCfg = Release|Any CPU
		{3519F3FC-7B7A-4F65-BD7B-96BE94DD25ED}.Release|Any CPU.Build.0 = Release|Any CPU
		{74B2635B-22BF-406A-9EE0-EAF854A87A69}.Debug|Any CPU.ActiveCfg = Debug|Any CPU
		{74B2635B-22BF-406A-9EE0-EAF854A87A69}.Debug|Any CPU.Build.0 = Debug|Any CPU
		{74B2635B-22BF-406A-9EE0-EAF854A87A69}.Release|Any CPU.ActiveCfg = Release|Any CPU
		{74B2635B-22BF-406A-9EE0-EAF854A87A69}.Release|Any CPU.Build.0 = Release|Any CPU
	EndGlobalSection
	GlobalSection(SolutionProperties) = preSolution
		HideSolutionNode = FALSE
	EndGlobalSection
	GlobalSection(NestedProjects) = preSolution
		{6ABF5B33-4ACD-4DA2-840D-DDC149A1005D} = {37FEF79F-C4FA-407B-9367-9ED302C0CF56}
		{8ACC83BB-4412-4A78-978F-F0FD1A2A0FFB} = {37FEF79F-C4FA-407B-9367-9ED302C0CF56}
		{3519F3FC-7B7A-4F65-BD7B-96BE94DD25ED} = {37FEF79F-C4FA-407B-9367-9ED302C0CF56}
		{74B2635B-22BF-406A-9EE0-EAF854A87A69} = {37FEF79F-C4FA-407B-9367-9ED302C0CF56}
	EndGlobalSection
EndGlobal
